
Microsoft Visual Studio Solution File, Format Version 12.00
# Visual Studio Version 17
VisualStudioVersion = 17.1.32328.378
MinimumVisualStudioVersion = 10.0.40219.1
Project("{FAE04EC0-301F-11D3-BF4B-00C04F79EFBC}") = "Algorithms", "Algorithms\Algorithms.csproj", "{DB0507FF-D455-4C4E-A557-7CD6E6329154}"
EndProject
Project("{FAE04EC0-301F-11D3-BF4B-00C04F79EFBC}") = "Algorithms.ConsoleApp", "Algorithms.ConsoleApp\Algorithms.ConsoleApp.csproj", "{82AFE8FE-ECE8-4EB8-85D2-C218462F1F61}"
EndProject
Global
	GlobalSection(SolutionConfigurationPlatforms) = preSolution
		Debug|Any CPU = Debug|Any CPU
		Release|Any CPU = Release|Any CPU
	EndGlobalSection
	GlobalSection(ProjectConfigurationPlatforms) = postSolution
		{DB0507FF-D455-4C4E-A557-7CD6E6329154}.Debug|Any CPU.ActiveCfg = Debug|Any CPU
		{DB0507FF-D455-4C4E-A557-7CD6E6329154}.Debug|Any CPU.Build.0 = Debug|Any CPU
		{DB0507FF-D455-4C4E-A557-7CD6E6329154}.Release|Any CPU.ActiveCfg = Release|Any CPU
		{DB0507FF-D455-4C4E-A557-7CD6E6329154}.Release|Any CPU.Build.0 = Release|Any CPU
		{82AFE8FE-ECE8-4EB8-85D2-C218462F1F61}.Debug|Any CPU.ActiveCfg = Debug|Any CPU
		{82AFE8FE-ECE8-4EB8-85D2-C218462F1F61}.Debug|Any CPU.Build.0 = Debug|Any CPU
		{82AFE8FE-ECE8-4EB8-85D2-C218462F1F61}.Release|Any CPU.ActiveCfg = Release|Any CPU
		{82AFE8FE-ECE8-4EB8-85D2-C218462F1F61}.Release|Any CPU.Build.0 = Release|Any CPU
	EndGlobalSection
	GlobalSection(SolutionProperties) = preSolution
		HideSolutionNode = FALSE
	EndGlobalSection
	GlobalSection(ExtensibilityGlobals) = postSolution
		SolutionGuid = {788A38F2-5FCA-4922-A220-D2AAEB6444D8}
	EndGlobalSection
EndGlobal
